
Microsoft Visual Studio Solution File, Format Version 12.00
# Visual Studio Version 17
VisualStudioVersion = 17.3.32929.385
MinimumVisualStudioVersion = 10.0.40219.1
Project("{FAE04EC0-301F-11D3-BF4B-00C04F79EFBC}") = "Lesson16", "Lesson16\Lesson16.csproj", "{721642E1-2E3B-4725-B01C-DE1BC33F3C4F}"
EndProject
Global
	GlobalSection(SolutionConfigurationPlatforms) = preSolution
		Debug|Any CPU = Debug|Any CPU
		Release|Any CPU = Release|Any CPU
	EndGlobalSection
	GlobalSection(ProjectConfigurationPlatforms) = postSolution
		{721642E1-2E3B-4725-B01C-DE1BC33F3C4F}.Debug|Any CPU.ActiveCfg = Debug|Any CPU
		{721642E1-2E3B-4725-B01C-DE1BC33F3C4F}.Debug|Any CPU.Build.0 = Debug|Any CPU
		{721642E1-2E3B-4725-B01C-DE1BC33F3C4F}.Release|Any CPU.ActiveCfg = Release|Any CPU
		{721642E1-2E3B-4725-B01C-DE1BC33F3C4F}.Release|Any CPU.Build.0 = Release|Any CPU
	EndGlobalSection
	GlobalSection(SolutionProperties) = preSolution
		HideSolutionNode = FALSE
	EndGlobalSection
	GlobalSection(ExtensibilityGlobals) = postSolution
		SolutionGuid = {17090B64-83B3-4066-82CF-CFE487E6E3A5}
	EndGlobalSection
EndGlobal
